
Microsoft Visual Studio Solution File, Format Version 12.00
Project("{FAE04EC0-301F-11D3-BF4B-00C04F79EFBC}") = "UniTrackRemaster.Api", "UniTrackRemaster.Api\UniTrackRemaster.Api.csproj", "{D30D4D66-160B-4DFA-ACE6-8E7E60D5EFEC}"
EndProject
Project("{2150E333-8FDC-42A3-9474-1A3956D46DE8}") = "Api", "Api", "{F69694F2-1429-4526-B037-BA2ED876CB86}"
EndProject
Project("{2150E333-8FDC-42A3-9474-1A3956D46DE8}") = "Data", "Data", "{90AA7C15-CAD5-49F4-B35C-58EA8755242E}"
EndProject
Project("{2150E333-8FDC-42A3-9474-1A3956D46DE8}") = "Services", "Services", "{1AC14D13-18EE-4C42-A58D-618884C1CA2F}"
EndProject
Project("{2150E333-8FDC-42A3-9474-1A3956D46DE8}") = "Testing", "Testing", "{8DA00993-E274-4A82-8492-BE5D0A1D0BCE}"
EndProject
Project("{FAE04EC0-301F-11D3-BF4B-00C04F79EFBC}") = "UniTrackRemaster.Data", "UniTrackRemaster.Data\UniTrackRemaster.Data.csproj", "{429296FD-6904-4F88-85F5-DF5C77311414}"
EndProject
Project("{FAE04EC0-301F-11D3-BF4B-00C04F79EFBC}") = "UniTrackRemaster.Data.Commons", "UniTrackRemaster.Data.Commons\UniTrackRemaster.Data.Commons.csproj", "{6929573E-F68C-48F7-95CA-35EF20E3E3C7}"
EndProject
Project("{FAE04EC0-301F-11D3-BF4B-00C04F79EFBC}") = "UniTrackRemaster.Data.Repositories", "UniTrackRemaster.Data.Repositories\UniTrackRemaster.Data.Repositories.csproj", "{7515D534-9148-4D48-B9D9-95CC400872A1}"
EndProject
Project("{FAE04EC0-301F-11D3-BF4B-00C04F79EFBC}") = "UniTrackRemaster.Services.Authentication", "UniTrackRemaster.Services.Authentication\UniTrackRemaster.Services.Authentication.csproj", "{E2B1FEA8-2C0B-4C29-89CA-9C01A5A42DB0}"
EndProject
Project("{FAE04EC0-301F-11D3-BF4B-00C04F79EFBC}") = "UniTrackRemaster.Api.Dto", "UniTrackRemaster.Api.Dto\UniTrackRemaster.Api.Dto.csproj", "{F6D907D3-4BE2-4C56-97D5-42FD144E2AA3}"
EndProject
Project("{FAE04EC0-301F-11D3-BF4B-00C04F79EFBC}") = "UniTrackRemaster.Data.Models", "UniTrackRemaster.Data.Models\UniTrackRemaster.Data.Models.csproj", "{F6541CF7-1BFA-4572-9F66-902E797DE3D2}"
EndProject
Project("{FAE04EC0-301F-11D3-BF4B-00C04F79EFBC}") = "UniTrackRemaster.Services.Messaging", "UniTrackRemaster.Services.Messaging\UniTrackRemaster.Services.Messaging.csproj", "{66D198F8-7526-4316-A0BB-AF4568E11448}"
EndProject
Project("{FAE04EC0-301F-11D3-BF4B-00C04F79EFBC}") = "UniTrackRemaster.Services.Storage", "UniTrackRemaster.Services.Storage\UniTrackRemaster.Services.Storage.csproj", "{9A7C9835-CA87-4231-A68A-AC63E116AD5D}"
EndProject
Project("{FAE04EC0-301F-11D3-BF4B-00C04F79EFBC}") = "UniTrackRemaster.Services.Organization", "UniTrackRemaster.Services.Organization\UniTrackRemaster.Services.Organization.csproj", "{02F7DB76-698C-416C-98CC-8B8CC4FF23C3}"
EndProject
Project("{FAE04EC0-301F-11D3-BF4B-00C04F79EFBC}") = "UniTrackRemaster.Services.Academics", "UniTrackRemaster.Services.Academics\UniTrackRemaster.Services.Academics.csproj", "{60EF61DD-CCDA-44AF-B4AF-9B9855AAA13C}"
EndProject
Project("{FAE04EC0-301F-11D3-BF4B-00C04F79EFBC}") = "UniTrackRemaster.Services.User", "UniTrackRemaster.Services.User\UniTrackRemaster.Services.User.csproj", "{EA889B2D-3D35-4455-A972-6D3F9BCA85B4}"
EndProject
Project("{FAE04EC0-301F-11D3-BF4B-00C04F79EFBC}") = "UniTrackRemaster.Services.Metrics", "UniTrackRemaster.Services.Metrics\UniTrackRemaster.Services.Metrics.csproj", "{BD1F68E8-C1CB-4209-8BA0-2BFED88C0F1E}"
EndProject
Project("{FAE04EC0-301F-11D3-BF4B-00C04F79EFBC}") = "UniTrackRemaster.Api.Infrastructure", "UniTrackRemaster.Api.Infrastructure\UniTrackRemaster.Api.Infrastructure.csproj", "{032B5178-0DC2-42C6-BB82-186785A051F6}"
EndProject
Project("{FAE04EC0-301F-11D3-BF4B-00C04F79EFBC}") = "UniTrackRemaster.Data.Seeding", "UniTrackRemaster.Data.Seeding\UniTrackRemaster.Data.Seeding.csproj", "{403524D1-4DAB-4DAB-8737-4087E0E10A25}"
EndProject
Project("{FAE04EC0-301F-11D3-BF4B-00C04F79EFBC}") = "UniTrackRemaster.Services.AI", "Services\AI\UniTrackRemaster.Services.AI.csproj", "{92723A9C-3E57-4E39-9327-240CEA93764F}"
EndProject
Project("{FAE04EC0-301F-11D3-BF4B-00C04F79EFBC}") = "UniTrackRemaster.Services.Analytics", "Services\UniTrackRemaster.Services.Analytics\UniTrackRemaster.Services.Analytics.csproj", "{FF291564-5730-43F1-9D1D-5B51B6DD3B5C}"
EndProject
Global
	GlobalSection(SolutionConfigurationPlatforms) = preSolution
		Debug|Any CPU = Debug|Any CPU
		Release|Any CPU = Release|Any CPU
	EndGlobalSection
	GlobalSection(ProjectConfigurationPlatforms) = postSolution
		{D30D4D66-160B-4DFA-ACE6-8E7E60D5EFEC}.Debug|Any CPU.ActiveCfg = Debug|Any CPU
		{D30D4D66-160B-4DFA-ACE6-8E7E60D5EFEC}.Debug|Any CPU.Build.0 = Debug|Any CPU
		{D30D4D66-160B-4DFA-ACE6-8E7E60D5EFEC}.Release|Any CPU.ActiveCfg = Release|Any CPU
		{D30D4D66-160B-4DFA-ACE6-8E7E60D5EFEC}.Release|Any CPU.Build.0 = Release|Any CPU
		{429296FD-6904-4F88-85F5-DF5C77311414}.Debug|Any CPU.ActiveCfg = Debug|Any CPU
		{429296FD-6904-4F88-85F5-DF5C77311414}.Debug|Any CPU.Build.0 = Debug|Any CPU
		{429296FD-6904-4F88-85F5-DF5C77311414}.Release|Any CPU.ActiveCfg = Release|Any CPU
		{429296FD-6904-4F88-85F5-DF5C77311414}.Release|Any CPU.Build.0 = Release|Any CPU
		{6929573E-F68C-48F7-95CA-35EF20E3E3C7}.Debug|Any CPU.ActiveCfg = Debug|Any CPU
		{6929573E-F68C-48F7-95CA-35EF20E3E3C7}.Debug|Any CPU.Build.0 = Debug|Any CPU
		{6929573E-F68C-48F7-95CA-35EF20E3E3C7}.Release|Any CPU.ActiveCfg = Release|Any CPU
		{6929573E-F68C-48F7-95CA-35EF20E3E3C7}.Release|Any CPU.Build.0 = Release|Any CPU
		{7515D534-9148-4D48-B9D9-95CC400872A1}.Debug|Any CPU.ActiveCfg = Debug|Any CPU
		{7515D534-9148-4D48-B9D9-95CC400872A1}.Debug|Any CPU.Build.0 = Debug|Any CPU
		{7515D534-9148-4D48-B9D9-95CC400872A1}.Release|Any CPU.ActiveCfg = Release|Any CPU
		{7515D534-9148-4D48-B9D9-95CC400872A1}.Release|Any CPU.Build.0 = Release|Any CPU
		{E2B1FEA8-2C0B-4C29-89CA-9C01A5A42DB0}.Debug|Any CPU.ActiveCfg = Debug|Any CPU
		{E2B1FEA8-2C0B-4C29-89CA-9C01A5A42DB0}.Debug|Any CPU.Build.0 = Debug|Any CPU
		{E2B1FEA8-2C0B-4C29-89CA-9C01A5A42DB0}.Release|Any CPU.ActiveCfg = Release|Any CPU
		{E2B1FEA8-2C0B-4C29-89CA-9C01A5A42DB0}.Release|Any CPU.Build.0 = Release|Any CPU
		{F6D907D3-4BE2-4C56-97D5-42FD144E2AA3}.Debug|Any CPU.ActiveCfg = Debug|Any CPU
		{F6D907D3-4BE2-4C56-97D5-42FD144E2AA3}.Debug|Any CPU.Build.0 = Debug|Any CPU
		{F6D907D3-4BE2-4C56-97D5-42FD144E2AA3}.Release|Any CPU.ActiveCfg = Release|Any CPU
		{F6D907D3-4BE2-4C56-97D5-42FD144E2AA3}.Release|Any CPU.Build.0 = Release|Any CPU
		{F6541CF7-1BFA-4572-9F66-902E797DE3D2}.Debug|Any CPU.ActiveCfg = Debug|Any CPU
		{F6541CF7-1BFA-4572-9F66-902E797DE3D2}.Debug|Any CPU.Build.0 = Debug|Any CPU
		{F6541CF7-1BFA-4572-9F66-902E797DE3D2}.Release|Any CPU.ActiveCfg = Release|Any CPU
		{F6541CF7-1BFA-4572-9F66-902E797DE3D2}.Release|Any CPU.Build.0 = Release|Any CPU
		{66D198F8-7526-4316-A0BB-AF4568E11448}.Debug|Any CPU.ActiveCfg = Debug|Any CPU
		{66D198F8-7526-4316-A0BB-AF4568E11448}.Debug|Any CPU.Build.0 = Debug|Any CPU
		{66D198F8-7526-4316-A0BB-AF4568E11448}.Release|Any CPU.ActiveCfg = Release|Any CPU
		{66D198F8-7526-4316-A0BB-AF4568E11448}.Release|Any CPU.Build.0 = Release|Any CPU
		{9A7C9835-CA87-4231-A68A-AC63E116AD5D}.Debug|Any CPU.ActiveCfg = Debug|Any CPU
		{9A7C9835-CA87-4231-A68A-AC63E116AD5D}.Debug|Any CPU.Build.0 = Debug|Any CPU
		{9A7C9835-CA87-4231-A68A-AC63E116AD5D}.Release|Any CPU.ActiveCfg = Release|Any CPU
		{9A7C9835-CA87-4231-A68A-AC63E116AD5D}.Release|Any CPU.Build.0 = Release|Any CPU
		{02F7DB76-698C-416C-98CC-8B8CC4FF23C3}.Debug|Any CPU.ActiveCfg = Debug|Any CPU
		{02F7DB76-698C-416C-98CC-8B8CC4FF23C3}.Debug|Any CPU.Build.0 = Debug|Any CPU
		{02F7DB76-698C-416C-98CC-8B8CC4FF23C3}.Release|Any CPU.ActiveCfg = Release|Any CPU
		{02F7DB76-698C-416C-98CC-8B8CC4FF23C3}.Release|Any CPU.Build.0 = Release|Any CPU
		{60EF61DD-CCDA-44AF-B4AF-9B9855AAA13C}.Debug|Any CPU.ActiveCfg = Debug|Any CPU
		{60EF61DD-CCDA-44AF-B4AF-9B9855AAA13C}.Debug|Any CPU.Build.0 = Debug|Any CPU
		{60EF61DD-CCDA-44AF-B4AF-9B9855AAA13C}.Release|Any CPU.ActiveCfg = Release|Any CPU
		{60EF61DD-CCDA-44AF-B4AF-9B9855AAA13C}.Release|Any CPU.Build.0 = Release|Any CPU
		{EA889B2D-3D35-4455-A972-6D3F9BCA85B4}.Debug|Any CPU.ActiveCfg = Debug|Any CPU
		{EA889B2D-3D35-4455-A972-6D3F9BCA85B4}.Debug|Any CPU.Build.0 = Debug|Any CPU
		{EA889B2D-3D35-4455-A972-6D3F9BCA85B4}.Release|Any CPU.ActiveCfg = Release|Any CPU
		{EA889B2D-3D35-4455-A972-6D3F9BCA85B4}.Release|Any CPU.Build.0 = Release|Any CPU
		{BD1F68E8-C1CB-4209-8BA0-2BFED88C0F1E}.Debug|Any CPU.ActiveCfg = Debug|Any CPU
		{BD1F68E8-C1CB-4209-8BA0-2BFED88C0F1E}.Debug|Any CPU.Build.0 = Debug|Any CPU
		{BD1F68E8-C1CB-4209-8BA0-2BFED88C0F1E}.Release|Any CPU.ActiveCfg = Release|Any CPU
		{BD1F68E8-C1CB-4209-8BA0-2BFED88C0F1E}.Release|Any CPU.Build.0 = Release|Any CPU
		{032B5178-0DC2-42C6-BB82-186785A051F6}.Debug|Any CPU.ActiveCfg = Debug|Any CPU
		{032B5178-0DC2-42C6-BB82-186785A051F6}.Debug|Any CPU.Build.0 = Debug|Any CPU
		{032B5178-0DC2-42C6-BB82-186785A051F6}.Release|Any CPU.ActiveCfg = Release|Any CPU
		{032B5178-0DC2-42C6-BB82-186785A051F6}.Release|Any CPU.Build.0 = Release|Any CPU
		{403524D1-4DAB-4DAB-8737-4087E0E10A25}.Debug|Any CPU.ActiveCfg = Debug|Any CPU
		{403524D1-4DAB-4DAB-8737-4087E0E10A25}.Debug|Any CPU.Build.0 = Debug|Any CPU
		{403524D1-4DAB-4DAB-8737-4087E0E10A25}.Release|Any CPU.ActiveCfg = Release|Any CPU
		{403524D1-4DAB-4DAB-8737-4087E0E10A25}.Release|Any CPU.Build.0 = Release|Any CPU
		{92723A9C-3E57-4E39-9327-240CEA93764F}.Debug|Any CPU.ActiveCfg = Debug|Any CPU
		{92723A9C-3E57-4E39-9327-240CEA93764F}.Debug|Any CPU.Build.0 = Debug|Any CPU
		{92723A9C-3E57-4E39-9327-240CEA93764F}.Release|Any CPU.ActiveCfg = Release|Any CPU
		{92723A9C-3E57-4E39-9327-240CEA93764F}.Release|Any CPU.Build.0 = Release|Any CPU
		{FF291564-5730-43F1-9D1D-5B51B6DD3B5C}.Debug|Any CPU.ActiveCfg = Debug|Any CPU
		{FF291564-5730-43F1-9D1D-5B51B6DD3B5C}.Debug|Any CPU.Build.0 = Debug|Any CPU
		{FF291564-5730-43F1-9D1D-5B51B6DD3B5C}.Release|Any CPU.ActiveCfg = Release|Any CPU
		{FF291564-5730-43F1-9D1D-5B51B6DD3B5C}.Release|Any CPU.Build.0 = Release|Any CPU
	EndGlobalSection
	GlobalSection(SolutionProperties) = preSolution
		HideSolutionNode = FALSE
	EndGlobalSection
	GlobalSection(NestedProjects) = preSolution
		{D30D4D66-160B-4DFA-ACE6-8E7E60D5EFEC} = {F69694F2-1429-4526-B037-BA2ED876CB86}
		{429296FD-6904-4F88-85F5-DF5C77311414} = {90AA7C15-CAD5-49F4-B35C-58EA8755242E}
		{6929573E-F68C-48F7-95CA-35EF20E3E3C7} = {90AA7C15-CAD5-49F4-B35C-58EA8755242E}
		{7515D534-9148-4D48-B9D9-95CC400872A1} = {90AA7C15-CAD5-49F4-B35C-58EA8755242E}
		{E2B1FEA8-2C0B-4C29-89CA-9C01A5A42DB0} = {1AC14D13-18EE-4C42-A58D-618884C1CA2F}
		{F6D907D3-4BE2-4C56-97D5-42FD144E2AA3} = {F69694F2-1429-4526-B037-BA2ED876CB86}
		{F6541CF7-1BFA-4572-9F66-902E797DE3D2} = {90AA7C15-CAD5-49F4-B35C-58EA8755242E}
		{66D198F8-7526-4316-A0BB-AF4568E11448} = {1AC14D13-18EE-4C42-A58D-618884C1CA2F}
		{9A7C9835-CA87-4231-A68A-AC63E116AD5D} = {1AC14D13-18EE-4C42-A58D-618884C1CA2F}
		{02F7DB76-698C-416C-98CC-8B8CC4FF23C3} = {1AC14D13-18EE-4C42-A58D-618884C1CA2F}
		{60EF61DD-CCDA-44AF-B4AF-9B9855AAA13C} = {1AC14D13-18EE-4C42-A58D-618884C1CA2F}
		{EA889B2D-3D35-4455-A972-6D3F9BCA85B4} = {1AC14D13-18EE-4C42-A58D-618884C1CA2F}
		{BD1F68E8-C1CB-4209-8BA0-2BFED88C0F1E} = {1AC14D13-18EE-4C42-A58D-618884C1CA2F}
		{032B5178-0DC2-42C6-BB82-186785A051F6} = {F69694F2-1429-4526-B037-BA2ED876CB86}
		{92723A9C-3E57-4E39-9327-240CEA93764F} = {1AC14D13-18EE-4C42-A58D-618884C1CA2F}
		{FF291564-5730-43F1-9D1D-5B51B6DD3B5C} = {1AC14D13-18EE-4C42-A58D-618884C1CA2F}
	EndGlobalSection
EndGlobal
